
Microsoft Visual Studio Solution File, Format Version 12.00
# Visual Studio 15
VisualStudioVersion = 15.0.28307.168
MinimumVisualStudioVersion = 10.0.40219.1
Project("{FAE04EC0-301F-11D3-BF4B-00C04F79EFBC}") = "ApartmentsRentalManagement1", "ApartmentsRentalManagement1\ApartmentsRentalManagement1.csproj", "{431B8E18-0E84-43D9-8342-F34531BDE45A}"
EndProject
Global
	GlobalSection(SolutionConfigurationPlatforms) = preSolution
		Debug|Any CPU = Debug|Any CPU
		Release|Any CPU = Release|Any CPU
	EndGlobalSection
	GlobalSection(ProjectConfigurationPlatforms) = postSolution
		{431B8E18-0E84-43D9-8342-F34531BDE45A}.Debug|Any CPU.ActiveCfg = Debug|Any CPU
		{431B8E18-0E84-43D9-8342-F34531BDE45A}.Debug|Any CPU.Build.0 = Debug|Any CPU
		{431B8E18-0E84-43D9-8342-F34531BDE45A}.Release|Any CPU.ActiveCfg = Release|Any CPU
		{431B8E18-0E84-43D9-8342-F34531BDE45A}.Release|Any CPU.Build.0 = Release|Any CPU
	EndGlobalSection
	GlobalSection(SolutionProperties) = preSolution
		HideSolutionNode = FALSE
	EndGlobalSection
	GlobalSection(ExtensibilityGlobals) = postSolution
		SolutionGuid = {685213C0-A780-4C78-8848-25E4390575CE}
	EndGlobalSection
EndGlobal
